
Microsoft Visual Studio Solution File, Format Version 12.00
# Visual Studio 2012
Project("{FAE04EC0-301F-11D3-BF4B-00C04F79EFBC}") = "BlackBook.Android", "BlackBook.Android\BlackBook.Android.csproj", "{6C0A9282-11B9-42E1-AC64-904B21F78989}"
EndProject
Project("{FAE04EC0-301F-11D3-BF4B-00C04F79EFBC}") = "BlackBook.iOS", "BlackBook.iOS\BlackBook.iOS.csproj", "{450AF943-65A2-4E62-9A10-866B09352F07}"
EndProject
Project("{FAE04EC0-301F-11D3-BF4B-00C04F79EFBC}") = "BlackBook", "BlackBook\BlackBook.csproj", "{5359FD80-AB88-4861-A058-F378474599B0}"
EndProject
Global
	GlobalSection(SolutionConfigurationPlatforms) = preSolution
		Debug|Any CPU = Debug|Any CPU
		Release|Any CPU = Release|Any CPU
		Debug|iPhoneSimulator = Debug|iPhoneSimulator
		Release|iPhoneSimulator = Release|iPhoneSimulator
		Debug|iPhone = Debug|iPhone
		Release|iPhone = Release|iPhone
		Ad-Hoc|iPhone = Ad-Hoc|iPhone
		AppStore|iPhone = AppStore|iPhone
	EndGlobalSection
	GlobalSection(ProjectConfigurationPlatforms) = postSolution
		{6C0A9282-11B9-42E1-AC64-904B21F78989}.Debug|Any CPU.ActiveCfg = Debug|Any CPU
		{6C0A9282-11B9-42E1-AC64-904B21F78989}.Debug|Any CPU.Build.0 = Debug|Any CPU
		{6C0A9282-11B9-42E1-AC64-904B21F78989}.Release|Any CPU.ActiveCfg = Release|Any CPU
		{6C0A9282-11B9-42E1-AC64-904B21F78989}.Release|Any CPU.Build.0 = Release|Any CPU
		{6C0A9282-11B9-42E1-AC64-904B21F78989}.Debug|iPhoneSimulator.ActiveCfg = Debug|Any CPU
		{6C0A9282-11B9-42E1-AC64-904B21F78989}.Debug|iPhoneSimulator.Build.0 = Debug|Any CPU
		{6C0A9282-11B9-42E1-AC64-904B21F78989}.Release|iPhoneSimulator.ActiveCfg = Release|Any CPU
		{6C0A9282-11B9-42E1-AC64-904B21F78989}.Release|iPhoneSimulator.Build.0 = Release|Any CPU
		{6C0A9282-11B9-42E1-AC64-904B21F78989}.Debug|iPhone.ActiveCfg = Debug|Any CPU
		{6C0A9282-11B9-42E1-AC64-904B21F78989}.Debug|iPhone.Build.0 = Debug|Any CPU
		{6C0A9282-11B9-42E1-AC64-904B21F78989}.Release|iPhone.ActiveCfg = Release|Any CPU
		{6C0A9282-11B9-42E1-AC64-904B21F78989}.Release|iPhone.Build.0 = Release|Any CPU
		{6C0A9282-11B9-42E1-AC64-904B21F78989}.Ad-Hoc|iPhone.ActiveCfg = Debug|Any CPU
		{6C0A9282-11B9-42E1-AC64-904B21F78989}.Ad-Hoc|iPhone.Build.0 = Debug|Any CPU
		{6C0A9282-11B9-42E1-AC64-904B21F78989}.AppStore|iPhone.ActiveCfg = Debug|Any CPU
		{6C0A9282-11B9-42E1-AC64-904B21F78989}.AppStore|iPhone.Build.0 = Debug|Any CPU
		{450AF943-65A2-4E62-9A10-866B09352F07}.Debug|Any CPU.ActiveCfg = Debug|iPhoneSimulator
		{450AF943-65A2-4E62-9A10-866B09352F07}.Debug|Any CPU.Build.0 = Debug|iPhoneSimulator
		{450AF943-65A2-4E62-9A10-866B09352F07}.Release|Any CPU.ActiveCfg = Release|iPhoneSimulator
		{450AF943-65A2-4E62-9A10-866B09352F07}.Release|Any CPU.Build.0 = Release|iPhoneSimulator
		{450AF943-65A2-4E62-9A10-866B09352F07}.Debug|iPhoneSimulator.ActiveCfg = Debug|iPhoneSimulator
		{450AF943-65A2-4E62-9A10-866B09352F07}.Debug|iPhoneSimulator.Build.0 = Debug|iPhoneSimulator
		{450AF943-65A2-4E62-9A10-866B09352F07}.Release|iPhoneSimulator.ActiveCfg = Release|iPhoneSimulator
		{450AF943-65A2-4E62-9A10-866B09352F07}.Release|iPhoneSimulator.Build.0 = Release|iPhoneSimulator
		{450AF943-65A2-4E62-9A10-866B09352F07}.Debug|iPhone.ActiveCfg = Debug|iPhone
		{450AF943-65A2-4E62-9A10-866B09352F07}.Debug|iPhone.Build.0 = Debug|iPhone
		{450AF943-65A2-4E62-9A10-866B09352F07}.Release|iPhone.ActiveCfg = Release|iPhone
		{450AF943-65A2-4E62-9A10-866B09352F07}.Release|iPhone.Build.0 = Release|iPhone
		{450AF943-65A2-4E62-9A10-866B09352F07}.Ad-Hoc|iPhone.ActiveCfg = Ad-Hoc|iPhone
		{450AF943-65A2-4E62-9A10-866B09352F07}.Ad-Hoc|iPhone.Build.0 = Ad-Hoc|iPhone
		{450AF943-65A2-4E62-9A10-866B09352F07}.AppStore|iPhone.ActiveCfg = AppStore|iPhone
		{450AF943-65A2-4E62-9A10-866B09352F07}.AppStore|iPhone.Build.0 = AppStore|iPhone
		{5359FD80-AB88-4861-A058-F378474599B0}.Debug|Any CPU.ActiveCfg = Debug|Any CPU
		{5359FD80-AB88-4861-A058-F378474599B0}.Debug|Any CPU.Build.0 = Debug|Any CPU
		{5359FD80-AB88-4861-A058-F378474599B0}.Release|Any CPU.ActiveCfg = Release|Any CPU
		{5359FD80-AB88-4861-A058-F378474599B0}.Release|Any CPU.Build.0 = Release|Any CPU
		{5359FD80-AB88-4861-A058-F378474599B0}.Debug|iPhoneSimulator.ActiveCfg = Debug|Any CPU
		{5359FD80-AB88-4861-A058-F378474599B0}.Debug|iPhoneSimulator.Build.0 = Debug|Any CPU
		{5359FD80-AB88-4861-A058-F378474599B0}.Release|iPhoneSimulator.ActiveCfg = Release|Any CPU
		{5359FD80-AB88-4861-A058-F378474599B0}.Release|iPhoneSimulator.Build.0 = Release|Any CPU
		{5359FD80-AB88-4861-A058-F378474599B0}.Debug|iPhone.ActiveCfg = Debug|Any CPU
		{5359FD80-AB88-4861-A058-F378474599B0}.Debug|iPhone.Build.0 = Debug|Any CPU
		{5359FD80-AB88-4861-A058-F378474599B0}.Release|iPhone.ActiveCfg = Release|Any CPU
		{5359FD80-AB88-4861-A058-F378474599B0}.Release|iPhone.Build.0 = Release|Any CPU
		{5359FD80-AB88-4861-A058-F378474599B0}.Ad-Hoc|iPhone.ActiveCfg = Debug|Any CPU
		{5359FD80-AB88-4861-A058-F378474599B0}.Ad-Hoc|iPhone.Build.0 = Debug|Any CPU
		{5359FD80-AB88-4861-A058-F378474599B0}.AppStore|iPhone.ActiveCfg = Debug|Any CPU
		{5359FD80-AB88-4861-A058-F378474599B0}.AppStore|iPhone.Build.0 = Debug|Any CPU
	EndGlobalSection
EndGlobal
